// !$*UTF8*$!
{
	archiveVersion = 1;
	classes = {
	};
	objectVersion = 50;
	objects = {

/* Begin PBXBuildFile section */
		FF182C2A2103473C00B7E52C /* DUAButton.m in Sources */ = {isa = PBXBuildFile; fileRef = FF182C292103473C00B7E52C /* DUAButton.m */; };
		FF3157982103448F00735FC8 /* AppDelegate.m in Sources */ = {isa = PBXBuildFile; fileRef = FF3157972103448F00735FC8 /* AppDelegate.m */; };
		FF31579B2103448F00735FC8 /* ViewController.m in Sources */ = {isa = PBXBuildFile; fileRef = FF31579A2103448F00735FC8 /* ViewController.m */; };
		FF31579E2103448F00735FC8 /* Main.storyboard in Resources */ = {isa = PBXBuildFile; fileRef = FF31579C2103448F00735FC8 /* Main.storyboard */; };
		FF3157A02103449100735FC8 /* Assets.xcassets in Resources */ = {isa = PBXBuildFile; fileRef = FF31579F2103449100735FC8 /* Assets.xcassets */; };
		FF3157A32103449100735FC8 /* LaunchScreen.storyboard in Resources */ = {isa = PBXBuildFile; fileRef = FF3157A12103449100735FC8 /* LaunchScreen.storyboard */; };
		FF3157A62103449100735FC8 /* main.m in Sources */ = {isa = PBXBuildFile; fileRef = FF3157A52103449100735FC8 /* main.m */; };
/* End PBXBuildFile section */

/* Begin PBXFileReference section */
		FF182C282103473C00B7E52C /* DUAButton.h */ = {isa = PBXFileReference; lastKnownFileType = sourcecode.c.h; path = DUAButton.h; sourceTree = "<group>"; };
		FF182C292103473C00B7E52C /* DUAButton.m */ = {isa = PBXFileReference; lastKnownFileType = sourcecode.c.objc; path = DUAButton.m; sourceTree = "<group>"; };
		FF3157932103448F00735FC8 /* DUAKit.app */ = {isa = PBXFileReference; explicitFileType = wrapper.application; includeInIndex = 0; path = DUAKit.app; sourceTree = BUILT_PRODUCTS_DIR; };
		FF3157962103448F00735FC8 /* AppDelegate.h */ = {isa = PBXFileReference; lastKnownFileType = sourcecode.c.h; path = AppDelegate.h; sourceTree = "<group>"; };
		FF3157972103448F00735FC8 /* AppDelegate.m */ = {isa = PBXFileReference; lastKnownFileType = sourcecode.c.objc; path = AppDelegate.m; sourceTree = "<group>"; };
		FF3157992103448F00735FC8 /* ViewController.h */ = {isa = PBXFileReference; lastKnownFileType = sourcecode.c.h; path = ViewController.h; sourceTree = "<group>"; };
		FF31579A2103448F00735FC8 /* ViewController.m */ = {isa = PBXFileReference; lastKnownFileType = sourcecode.c.objc; path = ViewController.m; sourceTree = "<group>"; };
		FF31579D2103448F00735FC8 /* Base */ = {isa = PBXFileReference; lastKnownFileType = file.storyboard; name = Base; path = Base.lproj/Main.storyboard; sourceTree = "<group>"; };
		FF31579F2103449100735FC8 /* Assets.xcassets */ = {isa = PBXFileReference; lastKnownFileType = folder.assetcatalog; path = Assets.xcassets; sourceTree = "<group>"; };
		FF3157A22103449100735FC8 /* Base */ = {isa = PBXFileReference; lastKnownFileType = file.storyboard; name = Base; path = Base.lproj/LaunchScreen.storyboard; sourceTree = "<group>"; };
		FF3157A42103449100735FC8 /* Info.plist */ = {isa = PBXFileReference; lastKnownFileType = text.plist.xml; path = Info.plist; sourceTree = "<group>"; };
		FF3157A52103449100735FC8 /* main.m */ = {isa = PBXFileReference; lastKnownFileType = sourcecode.c.objc; path = main.m; sourceTree = "<group>"; };
/* End PBXFileReference section */

/* Begin PBXFrameworksBuildPhase section */
		FF3157902103448F00735FC8 /* Frameworks */ = {
			isa = PBXFrameworksBuildPhase;
			buildActionMask = 2147483647;
			files = (
			);
			runOnlyForDeploymentPostprocessing = 0;
		};
/* End PBXFrameworksBuildPhase section */

/* Begin PBXGroup section */
		FF182C242103460D00B7E52C /* DUAKit */ = {
			isa = PBXGroup;
			children = (
				FF182C282103473C00B7E52C /* DUAButton.h */,
				FF182C292103473C00B7E52C /* DUAButton.m */,
			);
			path = DUAKit;
			sourceTree = "<group>";
		};
		FF31578A2103448F00735FC8 = {
			isa = PBXGroup;
			children = (
				FF182C242103460D00B7E52C /* DUAKit */,
				FF3157952103448F00735FC8 /* DUADemo */,
				FF3157942103448F00735FC8 /* Products */,
			);
			sourceTree = "<group>";
		};
		FF3157942103448F00735FC8 /* Products */ = {
			isa = PBXGroup;
			children = (
				FF3157932103448F00735FC8 /* DUAKit.app */,
			);
			name = Products;
			sourceTree = "<group>";
		};
		FF3157952103448F00735FC8 /* DUADemo */ = {
			isa = PBXGroup;
			children = (
				FF3157962103448F00735FC8 /* AppDelegate.h */,
				FF3157972103448F00735FC8 /* AppDelegate.m */,
				FF3157992103448F00735FC8 /* ViewController.h */,
				FF31579A2103448F00735FC8 /* ViewController.m */,
				FF31579C2103448F00735FC8 /* Main.storyboard */,
				FF31579F2103449100735FC8 /* Assets.xcassets */,
				FF3157A12103449100735FC8 /* LaunchScreen.storyboard */,
				FF3157A42103449100735FC8 /* Info.plist */,
				FF3157A52103449100735FC8 /* main.m */,
			);
			path = DUADemo;
			sourceTree = "<group>";
		};
/* End PBXGroup section */

/* Begin PBXNativeTarget section */
		FF3157922103448F00735FC8 /* DUAKit */ = {
			isa = PBXNativeTarget;
			buildConfigurationList = FF3157A92103449100735FC8 /* Build configuration list for PBXNativeTarget "DUAKit" */;
			buildPhases = (
				FF31578F2103448F00735FC8 /* Sources */,
				FF3157902103448F00735FC8 /* Frameworks */,
				FF3157912103448F00735FC8 /* Resources */,
			);
			buildRules = (
			);
			dependencies = (
			);
			name = DUAKit;
			productName = DUADemo;
			productReference = FF3157932103448F00735FC8 /* DUAKit.app */;
			productType = "com.apple.product-type.application";
		};
/* End PBXNativeTarget section */

/* Begin PBXProject section */
		FF31578B2103448F00735FC8 /* Project object */ = {
			isa = PBXProject;
			attributes = {
				LastUpgradeCheck = 0940;
				ORGANIZATIONNAME = "dream duan";
				TargetAttributes = {
					FF3157922103448F00735FC8 = {
						CreatedOnToolsVersion = 9.4.1;
					};
				};
			};
			buildConfigurationList = FF31578E2103448F00735FC8 /* Build configuration list for PBXProject "DUAKit" */;
			compatibilityVersion = "Xcode 9.3";
			developmentRegion = en;
			hasScannedForEncodings = 0;
			knownRegions = (
				en,
				Base,
			);
			mainGroup = FF31578A2103448F00735FC8;
			productRefGroup = FF3157942103448F00735FC8 /* Products */;
			projectDirPath = "";
			projectRoot = "";
			targets = (
				FF3157922103448F00735FC8 /* DUAKit */,
			);
		};
/* End PBXProject section */

/* Begin PBXResourcesBuildPhase section */
		FF3157912103448F00735FC8 /* Resources */ = {
			isa = PBXResourcesBuildPhase;
			buildActionMask = 2147483647;
			files = (
				FF3157A32103449100735FC8 /* LaunchScreen.storyboard in Resources */,
				FF3157A02103449100735FC8 /* Assets.xcassets in Resources */,
				FF31579E2103448F00735FC8 /* Main.storyboard in Resources */,
			);
			runOnlyForDeploymentPostprocessing = 0;
		};
/* End PBXResourcesBuildPhase section */

/* Begin PBXSourcesBuildPhase section */
		FF31578F2103448F00735FC8 /* Sources */ = {
			isa = PBXSourcesBuildPhase;
			buildActionMask = 2147483647;
			files = (
				FF182C2A2103473C00B7E52C /* DUAButton.m in Sources */,
				FF31579B2103448F00735FC8 /* ViewController.m in Sources */,
				FF3157A62103449100735FC8 /* main.m in Sources */,
				FF3157982103448F00735FC8 /* AppDelegate.m in Sources */,
			);
			runOnlyForDeploymentPostprocessing = 0;
		};
/* End PBXSourcesBuildPhase section */

/* Begin PBXVariantGroup section */
		FF31579C2103448F00735FC8 /* Main.storyboard */ = {
			isa = PBXVariantGroup;
			children = (
				FF31579D2103448F00735FC8 /* Base */,
			);
			name = Main.storyboard;
			sourceTree = "<group>";
		};
		FF3157A12103449100735FC8 /* LaunchScreen.storyboard */ = {
			isa = PBXVariantGroup;
			children = (
				FF3157A22103449100735FC8 /* Base */,
			);
			name = LaunchScreen.storyboard;
			sourceTree = "<group>";
		};
/* End PBXVariantGroup section */

/* Begin XCBuildConfiguration section */
		FF3157A72103449100735FC8 /* Debug */ = {
			isa = XCBuildConfiguration;
			buildSettings = {
				ALWAYS_SEARCH_USER_PATHS = NO;
				CLANG_ANALYZER_NONNULL = YES;
				CLANG_ANALYZER_NUMBER_OBJECT_CONVERSION = YES_AGGRESSIVE;
				CLANG_CXX_LANGUAGE_STANDARD = "gnu++14";
				CLANG_CXX_LIBRARY = "libc++";
				CLANG_ENABLE_MODULES = YES;
				CLANG_ENABLE_OBJC_ARC = YES;
				CLANG_ENABLE_OBJC_WEAK = YES;
				CLANG_WARN_BLOCK_CAPTURE_AUTORELEASING = YES;
				CLANG_WARN_BOOL_CONVERSION = YES;
				CLANG_WARN_COMMA = YES;
				CLANG_WARN_CONSTANT_CONVERSION = YES;
				CLANG_WARN_DEPRECATED_OBJC_IMPLEMENTATIONS = YES;
				CLANG_WARN_DIRECT_OBJC_ISA_USAGE = YES_ERROR;
				CLANG_WARN_DOCUMENTATION_COMMENTS = YES;
				CLANG_WARN_EMPTY_BODY = YES;
				CLANG_WARN_ENUM_CONVERSION = YES;
				CLANG_WARN_INFINITE_RECURSION = YES;
				CLANG_WARN_INT_CONVERSION = YES;
				CLANG_WARN_NON_LITERAL_NULL_CONVERSION = YES;
				CLANG_WARN_OBJC_IMPLICIT_RETAIN_SELF = YES;
				CLANG_WARN_OBJC_LITERAL_CONVERSION = YES;
				CLANG_WARN_OBJC_ROOT_CLASS = YES_ERROR;
				CLANG_WARN_RANGE_LOOP_ANALYSIS = YES;
				CLANG_WARN_STRICT_PROTOTYPES = YES;
				CLANG_WARN_SUSPICIOUS_MOVE = YES;
				CLANG_WARN_UNGUARDED_AVAILABILITY = YES_AGGRESSIVE;
				CLANG_WARN_UNREACHABLE_CODE = YES;
				CLANG_WARN__DUPLICATE_METHOD_MATCH = YES;
				CODE_SIGN_IDENTITY = "iPhone Developer";
				COPY_PHASE_STRIP = NO;
				DEBUG_INFORMATION_FORMAT = dwarf;
				ENABLE_STRICT_OBJC_MSGSEND = YES;
				ENABLE_TESTABILITY = YES;
				GCC_C_LANGUAGE_STANDARD = gnu11;
				GCC_DYNAMIC_NO_PIC = NO;
				GCC_NO_COMMON_BLOCKS = YES;
				GCC_OPTIMIZATION_LEVEL = 0;
				GCC_PREPROCESSOR_DEFINITIONS = (
					"DEBUG=1",
					"$(inherited)",
				);
				GCC_WARN_64_TO_32_BIT_CONVERSION = YES;
				GCC_WARN_ABOUT_RETURN_TYPE = YES_ERROR;
				GCC_WARN_UNDECLARED_SELECTOR = YES;
				GCC_WARN_UNINITIALIZED_AUTOS = YES_AGGRESSIVE;
				GCC_WARN_UNUSED_FUNCTION = YES;
				GCC_WARN_UNUSED_VARIABLE = YES;
				IPHONEOS_DEPLOYMENT_TARGET = 11.4;
				MTL_ENABLE_DEBUG_INFO = YES;
				ONLY_ACTIVE_ARCH = YES;
				SDKROOT = iphoneos;
			};
			name = Debug;
		};
		FF3157A82103449100735FC8 /* Release */ = {
			isa = XCBuildConfiguration;
			buildSettings = {
				ALWAYS_SEARCH_USER_PATHS = NO;
				CLANG_ANALYZER_NONNULL = YES;
				CLANG_ANALYZER_NUMBER_OBJECT_CONVERSION = YES_AGGRESSIVE;
				CLANG_CXX_LANGUAGE_STANDARD = "gnu++14";
				CLANG_CXX_LIBRARY = "libc++";
				CLANG_ENABLE_MODULES = YES;
				CLANG_ENABLE_OBJC_ARC = YES;
				CLANG_ENABLE_OBJC_WEAK = YES;
				CLANG_WARN_BLOCK_CAPTURE_AUTORELEASING = YES;
				CLANG_WARN_BOOL_CONVERSION = YES;
				CLANG_WARN_COMMA = YES;
				CLANG_WARN_CONSTANT_CONVERSION = YES;
				CLANG_WARN_DEPRECATED_OBJC_IMPLEMENTATIONS = YES;
				CLANG_WARN_DIRECT_OBJC_ISA_USAGE = YES_ERROR;
				CLANG_WARN_DOCUMENTATION_COMMENTS = YES;
				CLANG_WARN_EMPTY_BODY = YES;
				CLANG_WARN_ENUM_CONVERSION = YES;
				CLANG_WARN_INFINITE_RECURSION = YES;
				CLANG_WARN_INT_CONVERSION = YES;
				CLANG_WARN_NON_LITERAL_NULL_CONVERSION = YES;
				CLANG_WARN_OBJC_IMPLICIT_RETAIN_SELF = YES;
				CLANG_WARN_OBJC_LITERAL_CONVERSION = YES;
				CLANG_WARN_OBJC_ROOT_CLASS = YES_ERROR;
				CLANG_WARN_RANGE_LOOP_ANALYSIS = YES;
				CLANG_WARN_STRICT_PROTOTYPES = YES;
				CLANG_WARN_SUSPICIOUS_MOVE = YES;
				CLANG_WARN_UNGUARDED_AVAILABILITY = YES_AGGRESSIVE;
				CLANG_WARN_UNREACHABLE_CODE = YES;
				CLANG_WARN__DUPLICATE_METHOD_MATCH = YES;
				CODE_SIGN_IDENTITY = "iPhone Developer";
				COPY_PHASE_STRIP = NO;
				DEBUG_INFORMATION_FORMAT = "dwarf-with-dsym";
				ENABLE_NS_ASSERTIONS = NO;
				ENABLE_STRICT_OBJC_MSGSEND = YES;
				GCC_C_LANGUAGE_STANDARD = gnu11;
				GCC_NO_COMMON_BLOCKS = YES;
				GCC_WARN_64_TO_32_BIT_CONVERSION = YES;
				GCC_WARN_ABOUT_RETURN_TYPE = YES_ERROR;
				GCC_WARN_UNDECLARED_SELECTOR = YES;
				GCC_WARN_UNINITIALIZED_AUTOS = YES_AGGRESSIVE;
				GCC_WARN_UNUSED_FUNCTION = YES;
				GCC_WARN_UNUSED_VARIABLE = YES;
				IPHONEOS_DEPLOYMENT_TARGET = 11.4;
				MTL_ENABLE_DEBUG_INFO = NO;
				SDKROOT = iphoneos;
				VALIDATE_PRODUCT = YES;
			};
			name = Release;
		};
		FF3157AA2103449100735FC8 /* Debug */ = {
			isa = XCBuildConfiguration;
			buildSettings = {
				ASSETCATALOG_COMPILER_APPICON_NAME = AppIcon;
				CODE_SIGN_STYLE = Automatic;
				INFOPLIST_FILE = DUADemo/Info.plist;
				LD_RUNPATH_SEARCH_PATHS = (
					"$(inherited)",
					"@executable_path/Frameworks",
				);
				PRODUCT_BUNDLE_IDENTIFIER = nothot.DUADemo;
				PRODUCT_NAME = "$(TARGET_NAME)";
				TARGETED_DEVICE_FAMILY = "1,2";
			};
			name = Debug;
		};
		FF3157AB2103449100735FC8 /* Release */ = {
			isa = XCBuildConfiguration;
			buildSettings = {
				ASSETCATALOG_COMPILER_APPICON_NAME = AppIcon;
				CODE_SIGN_STYLE = Automatic;
				INFOPLIST_FILE = DUADemo/Info.plist;
				LD_RUNPATH_SEARCH_PATHS = (
					"$(inherited)",
					"@executable_path/Frameworks",
				);
				PRODUCT_BUNDLE_IDENTIFIER = nothot.DUADemo;
				PRODUCT_NAME = "$(TARGET_NAME)";
				TARGETED_DEVICE_FAMILY = "1,2";
			};
			name = Release;
		};
/* End XCBuildConfiguration section */

/* Begin XCConfigurationList section */
		FF31578E2103448F00735FC8 /* Build configuration list for PBXProject "DUAKit" */ = {
			isa = XCConfigurationList;
			buildConfigurations = (
				FF3157A72103449100735FC8 /* Debug */,
				FF3157A82103449100735FC8 /* Release */,
			);
			defaultConfigurationIsVisible = 0;
			defaultConfigurationName = Release;
		};
		FF3157A92103449100735FC8 /* Build configuration list for PBXNativeTarget "DUAKit" */ = {
			isa = XCConfigurationList;
			buildConfigurations = (
				FF3157AA2103449100735FC8 /* Debug */,
				FF3157AB2103449100735FC8 /* Release */,
			);
			defaultConfigurationIsVisible = 0;
			defaultConfigurationName = Release;
		};
/* End XCConfigurationList section */
	};
	rootObject = FF31578B2103448F00735FC8 /* Project object */;
}
